// !$*UTF8*$!
{
	archiveVersion = 1;
	classes = {
	};
	objectVersion = 55;
	objects = {

/* Begin PBXBuildFile section */
		4FED12F628AA8A80002113D3 /* AppDelegate.swift in Sources */ = {isa = PBXBuildFile; fileRef = 4FED12F528AA8A80002113D3 /* AppDelegate.swift */; };
		4FED12F828AA8A80002113D3 /* SceneDelegate.swift in Sources */ = {isa = PBXBuildFile; fileRef = 4FED12F728AA8A80002113D3 /* SceneDelegate.swift */; };
		4FED12FD28AA8A80002113D3 /* Main.storyboard in Resources */ = {isa = PBXBuildFile; fileRef = 4FED12FB28AA8A80002113D3 /* Main.storyboard */; };
		4FED12FF28AA8A83002113D3 /* Assets.xcassets in Resources */ = {isa = PBXBuildFile; fileRef = 4FED12FE28AA8A83002113D3 /* Assets.xcassets */; };
		515AA40128BEBAA700F903BE /* recipesViewController.swift in Sources */ = {isa = PBXBuildFile; fileRef = 515AA40028BEBAA700F903BE /* recipesViewController.swift */; };
		515AA40328BEBE1D00F903BE /* recipesScreen.storyboard in Resources */ = {isa = PBXBuildFile; fileRef = 515AA40228BEBE1D00F903BE /* recipesScreen.storyboard */; };
		5165C1BF28BFA61900F5F1CF /* ChoosenModel.swift in Sources */ = {isa = PBXBuildFile; fileRef = 5165C1BE28BFA61900F5F1CF /* ChoosenModel.swift */; };
		51862A7D28AE90CE00C5F3AE /* Baloo2-Medium.ttf in Resources */ = {isa = PBXBuildFile; fileRef = 4F10029728AD21540052D2B8 /* Baloo2-Medium.ttf */; };
		51862A7E28AE90CE00C5F3AE /* Baloo2-SemiBold.ttf in Resources */ = {isa = PBXBuildFile; fileRef = 4F10029A28AD21540052D2B8 /* Baloo2-SemiBold.ttf */; };
		51862A7F28AE90CE00C5F3AE /* Baloo2-ExtraBold.ttf in Resources */ = {isa = PBXBuildFile; fileRef = 4F10029B28AD21540052D2B8 /* Baloo2-ExtraBold.ttf */; };
		51862A8028AE90CE00C5F3AE /* Baloo2-Bold.ttf in Resources */ = {isa = PBXBuildFile; fileRef = 4F10029928AD21540052D2B8 /* Baloo2-Bold.ttf */; };
		51862A8128AE90CE00C5F3AE /* Baloo2-Regular.ttf in Resources */ = {isa = PBXBuildFile; fileRef = 4F10029828AD21540052D2B8 /* Baloo2-Regular.ttf */; };
		51DA8E8628B6627000D81095 /* ConfigScreen.storyboard in Resources */ = {isa = PBXBuildFile; fileRef = 51DA8E8528B6627000D81095 /* ConfigScreen.storyboard */; };
		51DA8E8828B6629200D81095 /* ChosenRecipe.storyboard in Resources */ = {isa = PBXBuildFile; fileRef = 51DA8E8728B6629200D81095 /* ChosenRecipe.storyboard */; };
		51DA8E8A28B7D61100D81095 /* EndRecipe.storyboard in Resources */ = {isa = PBXBuildFile; fileRef = 51DA8E8928B7D61100D81095 /* EndRecipe.storyboard */; };
		51FAF0C228C1A99500C66619 /* RecipesTableViewCell.swift in Sources */ = {isa = PBXBuildFile; fileRef = 51FAF0C128C1A99400C66619 /* RecipesTableViewCell.swift */; };
		6608015D28ABE785005FC8A0 /* RecipeView.swift in Sources */ = {isa = PBXBuildFile; fileRef = 6608015C28ABE785005FC8A0 /* RecipeView.swift */; };
		6608016128ABEDB2005FC8A0 /* RecipeViewController.swift in Sources */ = {isa = PBXBuildFile; fileRef = 6608016028ABEDB2005FC8A0 /* RecipeViewController.swift */; };
		660EB4A928B8F77F007D2425 /* CustomTransition.swift in Sources */ = {isa = PBXBuildFile; fileRef = 660EB4A828B8F77F007D2425 /* CustomTransition.swift */; };
		660EB4AB28B8F7BE007D2425 /* ChosenRecipeViewController.swift in Sources */ = {isa = PBXBuildFile; fileRef = 660EB4AA28B8F7BE007D2425 /* ChosenRecipeViewController.swift */; };
		660EB4AD28B90E6E007D2425 /* EndRecipeViewController.swift in Sources */ = {isa = PBXBuildFile; fileRef = 660EB4AC28B90E6E007D2425 /* EndRecipeViewController.swift */; };
		665C691028BCF63900E9F1FA /* iniciar-receita.mp3 in Resources */ = {isa = PBXBuildFile; fileRef = 665C690C28BCF63900E9F1FA /* iniciar-receita.mp3 */; };
		665C691128BCF63900E9F1FA /* fim-receita.mp3 in Resources */ = {isa = PBXBuildFile; fileRef = 665C690D28BCF63900E9F1FA /* fim-receita.mp3 */; };
		665C691228BCF63900E9F1FA /* voltar.mp3 in Resources */ = {isa = PBXBuildFile; fileRef = 665C690E28BCF63900E9F1FA /* voltar.mp3 */; };
		665C691328BCF63900E9F1FA /* passar.mp3 in Resources */ = {isa = PBXBuildFile; fileRef = 665C690F28BCF63900E9F1FA /* passar.mp3 */; };
		665C691728BD096F00E9F1FA /* ForgotRecipeViewController.swift in Sources */ = {isa = PBXBuildFile; fileRef = 665C691628BD096F00E9F1FA /* ForgotRecipeViewController.swift */; };
		666B235728B6DDED00C6E62A /* ConfigViewController.swift in Sources */ = {isa = PBXBuildFile; fileRef = 666B235628B6DDED00C6E62A /* ConfigViewController.swift */; };
		666B235928B6F12600C6E62A /* UserKeys.swift in Sources */ = {isa = PBXBuildFile; fileRef = 666B235828B6F12600C6E62A /* UserKeys.swift */; };
		66D694CF28BE460100A95783 /* ForgetRecipe.storyboard in Resources */ = {isa = PBXBuildFile; fileRef = 66D694CE28BE460100A95783 /* ForgetRecipe.storyboard */; };
/* End PBXBuildFile section */

/* Begin PBXFileReference section */
		4F10029728AD21540052D2B8 /* Baloo2-Medium.ttf */ = {isa = PBXFileReference; lastKnownFileType = file; path = "Baloo2-Medium.ttf"; sourceTree = "<group>"; };
		4F10029828AD21540052D2B8 /* Baloo2-Regular.ttf */ = {isa = PBXFileReference; lastKnownFileType = file; path = "Baloo2-Regular.ttf"; sourceTree = "<group>"; };
		4F10029928AD21540052D2B8 /* Baloo2-Bold.ttf */ = {isa = PBXFileReference; lastKnownFileType = file; path = "Baloo2-Bold.ttf"; sourceTree = "<group>"; };
		4F10029A28AD21540052D2B8 /* Baloo2-SemiBold.ttf */ = {isa = PBXFileReference; lastKnownFileType = file; path = "Baloo2-SemiBold.ttf"; sourceTree = "<group>"; };
		4F10029B28AD21540052D2B8 /* Baloo2-ExtraBold.ttf */ = {isa = PBXFileReference; lastKnownFileType = file; path = "Baloo2-ExtraBold.ttf"; sourceTree = "<group>"; };
		4FED12F228AA8A80002113D3 /* Challenge04LGBB.app */ = {isa = PBXFileReference; explicitFileType = wrapper.application; includeInIndex = 0; path = Challenge04LGBB.app; sourceTree = BUILT_PRODUCTS_DIR; };
		4FED12F528AA8A80002113D3 /* AppDelegate.swift */ = {isa = PBXFileReference; lastKnownFileType = sourcecode.swift; path = AppDelegate.swift; sourceTree = "<group>"; };
		4FED12F728AA8A80002113D3 /* SceneDelegate.swift */ = {isa = PBXFileReference; lastKnownFileType = sourcecode.swift; path = SceneDelegate.swift; sourceTree = "<group>"; };
		4FED12FC28AA8A80002113D3 /* Base */ = {isa = PBXFileReference; lastKnownFileType = file.storyboard; name = Base; path = Base.lproj/Main.storyboard; sourceTree = "<group>"; };
		4FED12FE28AA8A83002113D3 /* Assets.xcassets */ = {isa = PBXFileReference; lastKnownFileType = folder.assetcatalog; path = Assets.xcassets; sourceTree = "<group>"; };
		4FED130328AA8A83002113D3 /* Info.plist */ = {isa = PBXFileReference; lastKnownFileType = text.plist.xml; path = Info.plist; sourceTree = "<group>"; };
		515AA40028BEBAA700F903BE /* recipesViewController.swift */ = {isa = PBXFileReference; lastKnownFileType = sourcecode.swift; path = recipesViewController.swift; sourceTree = "<group>"; };
		515AA40228BEBE1D00F903BE /* recipesScreen.storyboard */ = {isa = PBXFileReference; lastKnownFileType = file.storyboard; path = recipesScreen.storyboard; sourceTree = "<group>"; };
		5165C1BE28BFA61900F5F1CF /* ChoosenModel.swift */ = {isa = PBXFileReference; lastKnownFileType = sourcecode.swift; path = ChoosenModel.swift; sourceTree = "<group>"; };
		51DA8E8528B6627000D81095 /* ConfigScreen.storyboard */ = {isa = PBXFileReference; lastKnownFileType = file.storyboard; path = ConfigScreen.storyboard; sourceTree = "<group>"; };
		51DA8E8728B6629200D81095 /* ChosenRecipe.storyboard */ = {isa = PBXFileReference; lastKnownFileType = file.storyboard; path = ChosenRecipe.storyboard; sourceTree = "<group>"; };
		51DA8E8928B7D61100D81095 /* EndRecipe.storyboard */ = {isa = PBXFileReference; lastKnownFileType = file.storyboard; path = EndRecipe.storyboard; sourceTree = "<group>"; };
		51FAF0C128C1A99400C66619 /* RecipesTableViewCell.swift */ = {isa = PBXFileReference; lastKnownFileType = sourcecode.swift; path = RecipesTableViewCell.swift; sourceTree = "<group>"; };
		6608015C28ABE785005FC8A0 /* RecipeView.swift */ = {isa = PBXFileReference; lastKnownFileType = sourcecode.swift; path = RecipeView.swift; sourceTree = "<group>"; };
		6608016028ABEDB2005FC8A0 /* RecipeViewController.swift */ = {isa = PBXFileReference; lastKnownFileType = sourcecode.swift; path = RecipeViewController.swift; sourceTree = "<group>"; };
		660EB4A828B8F77F007D2425 /* CustomTransition.swift */ = {isa = PBXFileReference; lastKnownFileType = sourcecode.swift; path = CustomTransition.swift; sourceTree = "<group>"; };
		660EB4AA28B8F7BE007D2425 /* ChosenRecipeViewController.swift */ = {isa = PBXFileReference; lastKnownFileType = sourcecode.swift; path = ChosenRecipeViewController.swift; sourceTree = "<group>"; };
		660EB4AC28B90E6E007D2425 /* EndRecipeViewController.swift */ = {isa = PBXFileReference; lastKnownFileType = sourcecode.swift; path = EndRecipeViewController.swift; sourceTree = "<group>"; };
		665C690C28BCF63900E9F1FA /* iniciar-receita.mp3 */ = {isa = PBXFileReference; lastKnownFileType = audio.mp3; path = "iniciar-receita.mp3"; sourceTree = "<group>"; };
		665C690D28BCF63900E9F1FA /* fim-receita.mp3 */ = {isa = PBXFileReference; lastKnownFileType = audio.mp3; path = "fim-receita.mp3"; sourceTree = "<group>"; };
		665C690E28BCF63900E9F1FA /* voltar.mp3 */ = {isa = PBXFileReference; lastKnownFileType = audio.mp3; path = voltar.mp3; sourceTree = "<group>"; };
		665C690F28BCF63900E9F1FA /* passar.mp3 */ = {isa = PBXFileReference; lastKnownFileType = audio.mp3; path = passar.mp3; sourceTree = "<group>"; };
		665C691628BD096F00E9F1FA /* ForgotRecipeViewController.swift */ = {isa = PBXFileReference; lastKnownFileType = sourcecode.swift; path = ForgotRecipeViewController.swift; sourceTree = "<group>"; };
		666B235628B6DDED00C6E62A /* ConfigViewController.swift */ = {isa = PBXFileReference; lastKnownFileType = sourcecode.swift; path = ConfigViewController.swift; sourceTree = "<group>"; };
		666B235828B6F12600C6E62A /* UserKeys.swift */ = {isa = PBXFileReference; lastKnownFileType = sourcecode.swift; path = UserKeys.swift; sourceTree = "<group>"; };
		66D694CE28BE460100A95783 /* ForgetRecipe.storyboard */ = {isa = PBXFileReference; lastKnownFileType = file.storyboard; path = ForgetRecipe.storyboard; sourceTree = "<group>"; };
/* End PBXFileReference section */

/* Begin PBXFrameworksBuildPhase section */
		4FED12EF28AA8A80002113D3 /* Frameworks */ = {
			isa = PBXFrameworksBuildPhase;
			buildActionMask = 2147483647;
			files = (
			);
			runOnlyForDeploymentPostprocessing = 0;
		};
/* End PBXFrameworksBuildPhase section */

/* Begin PBXGroup section */
		4F10029C28AD215B0052D2B8 /* Fonts */ = {
			isa = PBXGroup;
			children = (
				4F10029928AD21540052D2B8 /* Baloo2-Bold.ttf */,
				4F10029B28AD21540052D2B8 /* Baloo2-ExtraBold.ttf */,
				4F10029728AD21540052D2B8 /* Baloo2-Medium.ttf */,
				4F10029828AD21540052D2B8 /* Baloo2-Regular.ttf */,
				4F10029A28AD21540052D2B8 /* Baloo2-SemiBold.ttf */,
			);
			path = Fonts;
			sourceTree = "<group>";
		};
		4F10029D28AD37740052D2B8 /* Controller */ = {
			isa = PBXGroup;
			children = (
				6608016028ABEDB2005FC8A0 /* RecipeViewController.swift */,
				515AA40028BEBAA700F903BE /* recipesViewController.swift */,
				51FAF0C128C1A99400C66619 /* RecipesTableViewCell.swift */,
				666B235628B6DDED00C6E62A /* ConfigViewController.swift */,
				660EB4AA28B8F7BE007D2425 /* ChosenRecipeViewController.swift */,
				660EB4AC28B90E6E007D2425 /* EndRecipeViewController.swift */,
				665C691628BD096F00E9F1FA /* ForgotRecipeViewController.swift */,
			);
			path = Controller;
			sourceTree = "<group>";
		};
		4F10029E28AD37970052D2B8 /* View */ = {
			isa = PBXGroup;
			children = (
				4FED12FB28AA8A80002113D3 /* Main.storyboard */,
				51DA8E8528B6627000D81095 /* ConfigScreen.storyboard */,
				515AA40228BEBE1D00F903BE /* recipesScreen.storyboard */,
				51DA8E8728B6629200D81095 /* ChosenRecipe.storyboard */,
				51DA8E8928B7D61100D81095 /* EndRecipe.storyboard */,
				66D694CE28BE460100A95783 /* ForgetRecipe.storyboard */,
			);
			path = View;
			sourceTree = "<group>";
		};
		4FED12E928AA8A80002113D3 = {
			isa = PBXGroup;
			children = (
				4FED12F428AA8A80002113D3 /* Challenge04LGBB */,
				4FED12F328AA8A80002113D3 /* Products */,
			);
			sourceTree = "<group>";
		};
		4FED12F328AA8A80002113D3 /* Products */ = {
			isa = PBXGroup;
			children = (
				4FED12F228AA8A80002113D3 /* Challenge04LGBB.app */,
			);
			name = Products;
			sourceTree = "<group>";
		};
		4FED12F428AA8A80002113D3 /* Challenge04LGBB */ = {
			isa = PBXGroup;
			children = (
				4FED12F528AA8A80002113D3 /* AppDelegate.swift */,
				4FED12F728AA8A80002113D3 /* SceneDelegate.swift */,
				666B235828B6F12600C6E62A /* UserKeys.swift */,
				660EB4A828B8F77F007D2425 /* CustomTransition.swift */,
				5152407228BD004200211C6E /* Model */,
				4F10029E28AD37970052D2B8 /* View */,
				4F10029D28AD37740052D2B8 /* Controller */,
				665C690B28BCF63900E9F1FA /* SoundEffects */,
				4F10029C28AD215B0052D2B8 /* Fonts */,
				4FED130328AA8A83002113D3 /* Info.plist */,
				4FED12FE28AA8A83002113D3 /* Assets.xcassets */,
			);
			path = Challenge04LGBB;
			sourceTree = "<group>";
		};
		5152407228BD004200211C6E /* Model */ = {
			isa = PBXGroup;
			children = (
				6608015C28ABE785005FC8A0 /* RecipeView.swift */,
				5165C1BE28BFA61900F5F1CF /* ChoosenModel.swift */,
			);
			path = Model;
			sourceTree = "<group>";
		};
		665C690B28BCF63900E9F1FA /* SoundEffects */ = {
			isa = PBXGroup;
			children = (
				665C690C28BCF63900E9F1FA /* iniciar-receita.mp3 */,
				665C690D28BCF63900E9F1FA /* fim-receita.mp3 */,
				665C690E28BCF63900E9F1FA /* voltar.mp3 */,
				665C690F28BCF63900E9F1FA /* passar.mp3 */,
			);
			path = SoundEffects;
			sourceTree = "<group>";
		};
/* End PBXGroup section */

/* Begin PBXNativeTarget section */
		4FED12F128AA8A80002113D3 /* Challenge04LGBB */ = {
			isa = PBXNativeTarget;
			buildConfigurationList = 4FED130628AA8A83002113D3 /* Build configuration list for PBXNativeTarget "Challenge04LGBB" */;
			buildPhases = (
				4FED12EE28AA8A80002113D3 /* Sources */,
				4FED12EF28AA8A80002113D3 /* Frameworks */,
				4FED12F028AA8A80002113D3 /* Resources */,
			);
			buildRules = (
			);
			dependencies = (
			);
			name = Challenge04LGBB;
			productName = Challenge04LGBB;
			productReference = 4FED12F228AA8A80002113D3 /* Challenge04LGBB.app */;
			productType = "com.apple.product-type.application";
		};
/* End PBXNativeTarget section */

/* Begin PBXProject section */
		4FED12EA28AA8A80002113D3 /* Project object */ = {
			isa = PBXProject;
			attributes = {
				BuildIndependentTargetsInParallel = 1;
				LastSwiftUpdateCheck = 1340;
				LastUpgradeCheck = 1340;
				TargetAttributes = {
					4FED12F128AA8A80002113D3 = {
						CreatedOnToolsVersion = 13.4.1;
					};
				};
			};
			buildConfigurationList = 4FED12ED28AA8A80002113D3 /* Build configuration list for PBXProject "Challenge04LGBB" */;
			compatibilityVersion = "Xcode 13.0";
			developmentRegion = en;
			hasScannedForEncodings = 0;
			knownRegions = (
				en,
				Base,
			);
			mainGroup = 4FED12E928AA8A80002113D3;
			packageReferences = (
			);
			productRefGroup = 4FED12F328AA8A80002113D3 /* Products */;
			projectDirPath = "";
			projectRoot = "";
			targets = (
				4FED12F128AA8A80002113D3 /* Challenge04LGBB */,
			);
		};
/* End PBXProject section */

/* Begin PBXResourcesBuildPhase section */
		4FED12F028AA8A80002113D3 /* Resources */ = {
			isa = PBXResourcesBuildPhase;
			buildActionMask = 2147483647;
			files = (
				51862A8028AE90CE00C5F3AE /* Baloo2-Bold.ttf in Resources */,
				665C691228BCF63900E9F1FA /* voltar.mp3 in Resources */,
				4FED12FF28AA8A83002113D3 /* Assets.xcassets in Resources */,
				665C691028BCF63900E9F1FA /* iniciar-receita.mp3 in Resources */,
				4FED12FD28AA8A80002113D3 /* Main.storyboard in Resources */,
				51862A8128AE90CE00C5F3AE /* Baloo2-Regular.ttf in Resources */,
				51DA8E8828B6629200D81095 /* ChosenRecipe.storyboard in Resources */,
				51DA8E8628B6627000D81095 /* ConfigScreen.storyboard in Resources */,
				51DA8E8A28B7D61100D81095 /* EndRecipe.storyboard in Resources */,
				51862A7E28AE90CE00C5F3AE /* Baloo2-SemiBold.ttf in Resources */,
				515AA40328BEBE1D00F903BE /* recipesScreen.storyboard in Resources */,
				51862A7D28AE90CE00C5F3AE /* Baloo2-Medium.ttf in Resources */,
				51862A7F28AE90CE00C5F3AE /* Baloo2-ExtraBold.ttf in Resources */,
				665C691328BCF63900E9F1FA /* passar.mp3 in Resources */,
				66D694CF28BE460100A95783 /* ForgetRecipe.storyboard in Resources */,
				665C691128BCF63900E9F1FA /* fim-receita.mp3 in Resources */,
			);
			runOnlyForDeploymentPostprocessing = 0;
		};
/* End PBXResourcesBuildPhase section */

/* Begin PBXSourcesBuildPhase section */
		4FED12EE28AA8A80002113D3 /* Sources */ = {
			isa = PBXSourcesBuildPhase;
			buildActionMask = 2147483647;
			files = (
				4FED12F628AA8A80002113D3 /* AppDelegate.swift in Sources */,
				660EB4A928B8F77F007D2425 /* CustomTransition.swift in Sources */,
				6608015D28ABE785005FC8A0 /* RecipeView.swift in Sources */,
				666B235928B6F12600C6E62A /* UserKeys.swift in Sources */,
				4FED12F828AA8A80002113D3 /* SceneDelegate.swift in Sources */,
				5165C1BF28BFA61900F5F1CF /* ChoosenModel.swift in Sources */,
				660EB4AD28B90E6E007D2425 /* EndRecipeViewController.swift in Sources */,
				665C691728BD096F00E9F1FA /* ForgotRecipeViewController.swift in Sources */,
				666B235728B6DDED00C6E62A /* ConfigViewController.swift in Sources */,
				51FAF0C228C1A99500C66619 /* RecipesTableViewCell.swift in Sources */,
				515AA40128BEBAA700F903BE /* recipesViewController.swift in Sources */,
				660EB4AB28B8F7BE007D2425 /* ChosenRecipeViewController.swift in Sources */,
				6608016128ABEDB2005FC8A0 /* RecipeViewController.swift in Sources */,
			);
			runOnlyForDeploymentPostprocessing = 0;
		};
/* End PBXSourcesBuildPhase section */

/* Begin PBXVariantGroup section */
		4FED12FB28AA8A80002113D3 /* Main.storyboard */ = {
			isa = PBXVariantGroup;
			children = (
				4FED12FC28AA8A80002113D3 /* Base */,
			);
			name = Main.storyboard;
			sourceTree = "<group>";
		};
/* End PBXVariantGroup section */

/* Begin XCBuildConfiguration section */
		4FED130428AA8A83002113D3 /* Debug */ = {
			isa = XCBuildConfiguration;
			buildSettings = {
				ALWAYS_SEARCH_USER_PATHS = NO;
				CLANG_ANALYZER_NONNULL = YES;
				CLANG_ANALYZER_NUMBER_OBJECT_CONVERSION = YES_AGGRESSIVE;
				CLANG_CXX_LANGUAGE_STANDARD = "gnu++17";
				CLANG_ENABLE_MODULES = YES;
				CLANG_ENABLE_OBJC_ARC = YES;
				CLANG_ENABLE_OBJC_WEAK = YES;
				CLANG_WARN_BLOCK_CAPTURE_AUTORELEASING = YES;
				CLANG_WARN_BOOL_CONVERSION = YES;
				CLANG_WARN_COMMA = YES;
				CLANG_WARN_CONSTANT_CONVERSION = YES;
				CLANG_WARN_DEPRECATED_OBJC_IMPLEMENTATIONS = YES;
				CLANG_WARN_DIRECT_OBJC_ISA_USAGE = YES_ERROR;
				CLANG_WARN_DOCUMENTATION_COMMENTS = YES;
				CLANG_WARN_EMPTY_BODY = YES;
				CLANG_WARN_ENUM_CONVERSION = YES;
				CLANG_WARN_INFINITE_RECURSION = YES;
				CLANG_WARN_INT_CONVERSION = YES;
				CLANG_WARN_NON_LITERAL_NULL_CONVERSION = YES;
				CLANG_WARN_OBJC_IMPLICIT_RETAIN_SELF = YES;
				CLANG_WARN_OBJC_LITERAL_CONVERSION = YES;
				CLANG_WARN_OBJC_ROOT_CLASS = YES_ERROR;
				CLANG_WARN_QUOTED_INCLUDE_IN_FRAMEWORK_HEADER = YES;
				CLANG_WARN_RANGE_LOOP_ANALYSIS = YES;
				CLANG_WARN_STRICT_PROTOTYPES = YES;
				CLANG_WARN_SUSPICIOUS_MOVE = YES;
				CLANG_WARN_UNGUARDED_AVAILABILITY = YES_AGGRESSIVE;
				CLANG_WARN_UNREACHABLE_CODE = YES;
				CLANG_WARN__DUPLICATE_METHOD_MATCH = YES;
				COPY_PHASE_STRIP = NO;
				DEBUG_INFORMATION_FORMAT = dwarf;
				ENABLE_STRICT_OBJC_MSGSEND = YES;
				ENABLE_TESTABILITY = YES;
				GCC_C_LANGUAGE_STANDARD = gnu11;
				GCC_DYNAMIC_NO_PIC = NO;
				GCC_NO_COMMON_BLOCKS = YES;
				GCC_OPTIMIZATION_LEVEL = 0;
				GCC_PREPROCESSOR_DEFINITIONS = (
					"DEBUG=1",
					"$(inherited)",
				);
				GCC_WARN_64_TO_32_BIT_CONVERSION = YES;
				GCC_WARN_ABOUT_RETURN_TYPE = YES_ERROR;
				GCC_WARN_UNDECLARED_SELECTOR = YES;
				GCC_WARN_UNINITIALIZED_AUTOS = YES_AGGRESSIVE;
				GCC_WARN_UNUSED_FUNCTION = YES;
				GCC_WARN_UNUSED_VARIABLE = YES;
				IPHONEOS_DEPLOYMENT_TARGET = 15.5;
				MTL_ENABLE_DEBUG_INFO = INCLUDE_SOURCE;
				MTL_FAST_MATH = YES;
				ONLY_ACTIVE_ARCH = YES;
				SDKROOT = iphoneos;
				SWIFT_ACTIVE_COMPILATION_CONDITIONS = DEBUG;
				SWIFT_OPTIMIZATION_LEVEL = "-Onone";
			};
			name = Debug;
		};
		4FED130528AA8A83002113D3 /* Release */ = {
			isa = XCBuildConfiguration;
			buildSettings = {
				ALWAYS_SEARCH_USER_PATHS = NO;
				CLANG_ANALYZER_NONNULL = YES;
				CLANG_ANALYZER_NUMBER_OBJECT_CONVERSION = YES_AGGRESSIVE;
				CLANG_CXX_LANGUAGE_STANDARD = "gnu++17";
				CLANG_ENABLE_MODULES = YES;
				CLANG_ENABLE_OBJC_ARC = YES;
				CLANG_ENABLE_OBJC_WEAK = YES;
				CLANG_WARN_BLOCK_CAPTURE_AUTORELEASING = YES;
				CLANG_WARN_BOOL_CONVERSION = YES;
				CLANG_WARN_COMMA = YES;
				CLANG_WARN_CONSTANT_CONVERSION = YES;
				CLANG_WARN_DEPRECATED_OBJC_IMPLEMENTATIONS = YES;
				CLANG_WARN_DIRECT_OBJC_ISA_USAGE = YES_ERROR;
				CLANG_WARN_DOCUMENTATION_COMMENTS = YES;
				CLANG_WARN_EMPTY_BODY = YES;
				CLANG_WARN_ENUM_CONVERSION = YES;
				CLANG_WARN_INFINITE_RECURSION = YES;
				CLANG_WARN_INT_CONVERSION = YES;
				CLANG_WARN_NON_LITERAL_NULL_CONVERSION = YES;
				CLANG_WARN_OBJC_IMPLICIT_RETAIN_SELF = YES;
				CLANG_WARN_OBJC_LITERAL_CONVERSION = YES;
				CLANG_WARN_OBJC_ROOT_CLASS = YES_ERROR;
				CLANG_WARN_QUOTED_INCLUDE_IN_FRAMEWORK_HEADER = YES;
				CLANG_WARN_RANGE_LOOP_ANALYSIS = YES;
				CLANG_WARN_STRICT_PROTOTYPES = YES;
				CLANG_WARN_SUSPICIOUS_MOVE = YES;
				CLANG_WARN_UNGUARDED_AVAILABILITY = YES_AGGRESSIVE;
				CLANG_WARN_UNREACHABLE_CODE = YES;
				CLANG_WARN__DUPLICATE_METHOD_MATCH = YES;
				COPY_PHASE_STRIP = NO;
				DEBUG_INFORMATION_FORMAT = "dwarf-with-dsym";
				ENABLE_NS_ASSERTIONS = NO;
				ENABLE_STRICT_OBJC_MSGSEND = YES;
				GCC_C_LANGUAGE_STANDARD = gnu11;
				GCC_NO_COMMON_BLOCKS = YES;
				GCC_WARN_64_TO_32_BIT_CONVERSION = YES;
				GCC_WARN_ABOUT_RETURN_TYPE = YES_ERROR;
				GCC_WARN_UNDECLARED_SELECTOR = YES;
				GCC_WARN_UNINITIALIZED_AUTOS = YES_AGGRESSIVE;
				GCC_WARN_UNUSED_FUNCTION = YES;
				GCC_WARN_UNUSED_VARIABLE = YES;
				IPHONEOS_DEPLOYMENT_TARGET = 15.5;
				MTL_ENABLE_DEBUG_INFO = NO;
				MTL_FAST_MATH = YES;
				SDKROOT = iphoneos;
				SWIFT_COMPILATION_MODE = wholemodule;
				SWIFT_OPTIMIZATION_LEVEL = "-O";
				VALIDATE_PRODUCT = YES;
			};
			name = Release;
		};
		4FED130728AA8A83002113D3 /* Debug */ = {
			isa = XCBuildConfiguration;
			buildSettings = {
				ASSETCATALOG_COMPILER_APPICON_NAME = AppIcon;
				ASSETCATALOG_COMPILER_GLOBAL_ACCENT_COLOR_NAME = AccentColor;
				CODE_SIGN_STYLE = Automatic;
				CURRENT_PROJECT_VERSION = 1;
				DEVELOPMENT_TEAM = XKBJR2ZWTW;
				GENERATE_INFOPLIST_FILE = YES;
				INFOPLIST_FILE = Challenge04LGBB/Info.plist;
				INFOPLIST_KEY_NSCameraUsageDescription = "This app needs your permission to use AR Features";
				INFOPLIST_KEY_UIApplicationSupportsIndirectInputEvents = YES;
				INFOPLIST_KEY_UILaunchStoryboardName = LaunchScreen;
				INFOPLIST_KEY_UIMainStoryboardFile = recipesScreen;
				INFOPLIST_KEY_UISupportedInterfaceOrientations_iPad = "UIInterfaceOrientationPortrait UIInterfaceOrientationPortraitUpsideDown UIInterfaceOrientationLandscapeLeft UIInterfaceOrientationLandscapeRight";
				INFOPLIST_KEY_UISupportedInterfaceOrientations_iPhone = "UIInterfaceOrientationPortrait UIInterfaceOrientationLandscapeLeft UIInterfaceOrientationLandscapeRight";
				LD_RUNPATH_SEARCH_PATHS = (
					"$(inherited)",
					"@executable_path/Frameworks",
				);
				MARKETING_VERSION = 1.0;
				PRODUCT_BUNDLE_IDENTIFIER = com.Challenge04LGBBbb;
				PRODUCT_NAME = "$(TARGET_NAME)";
				SWIFT_EMIT_LOC_STRINGS = YES;
				SWIFT_VERSION = 5.0;
				TARGETED_DEVICE_FAMILY = "1,2";
			};
			name = Debug;
		};
		4FED130828AA8A83002113D3 /* Release */ = {
			isa = XCBuildConfiguration;
			buildSettings = {
				ASSETCATALOG_COMPILER_APPICON_NAME = AppIcon;
				ASSETCATALOG_COMPILER_GLOBAL_ACCENT_COLOR_NAME = AccentColor;
				CODE_SIGN_STYLE = Automatic;
				CURRENT_PROJECT_VERSION = 1;
				DEVELOPMENT_TEAM = 2VBT66DD5V;
				GENERATE_INFOPLIST_FILE = YES;
				INFOPLIST_FILE = Challenge04LGBB/Info.plist;
				INFOPLIST_KEY_NSCameraUsageDescription = "This app needs your permission to use AR Features";
				INFOPLIST_KEY_UIApplicationSupportsIndirectInputEvents = YES;
				INFOPLIST_KEY_UILaunchStoryboardName = LaunchScreen;
				INFOPLIST_KEY_UIMainStoryboardFile = recipesScreen;
				INFOPLIST_KEY_UISupportedInterfaceOrientations_iPad = "UIInterfaceOrientationPortrait UIInterfaceOrientationPortraitUpsideDown UIInterfaceOrientationLandscapeLeft UIInterfaceOrientationLandscapeRight";
				INFOPLIST_KEY_UISupportedInterfaceOrientations_iPhone = "UIInterfaceOrientationPortrait UIInterfaceOrientationLandscapeLeft UIInterfaceOrientationLandscapeRight";
				LD_RUNPATH_SEARCH_PATHS = (
					"$(inherited)",
					"@executable_path/Frameworks",
				);
				MARKETING_VERSION = 1.0;
				PRODUCT_BUNDLE_IDENTIFIER = com.Challenge04LGBB;
				PRODUCT_NAME = "$(TARGET_NAME)";
				SWIFT_EMIT_LOC_STRINGS = YES;
				SWIFT_VERSION = 5.0;
				TARGETED_DEVICE_FAMILY = "1,2";
			};
			name = Release;
		};
/* End XCBuildConfiguration section */

/* Begin XCConfigurationList section */
		4FED12ED28AA8A80002113D3 /* Build configuration list for PBXProject "Challenge04LGBB" */ = {
			isa = XCConfigurationList;
			buildConfigurations = (
				4FED130428AA8A83002113D3 /* Debug */,
				4FED130528AA8A83002113D3 /* Release */,
			);
			defaultConfigurationIsVisible = 0;
			defaultConfigurationName = Release;
		};
		4FED130628AA8A83002113D3 /* Build configuration list for PBXNativeTarget "Challenge04LGBB" */ = {
			isa = XCConfigurationList;
			buildConfigurations = (
				4FED130728AA8A83002113D3 /* Debug */,
				4FED130828AA8A83002113D3 /* Release */,
			);
			defaultConfigurationIsVisible = 0;
			defaultConfigurationName = Release;
		};
/* End XCConfigurationList section */
	};
	rootObject = 4FED12EA28AA8A80002113D3 /* Project object */;
}
